
Microsoft Visual Studio Solution File, Format Version 12.00
# Visual Studio Version 16
VisualStudioVersion = 16.0.30523.141
MinimumVisualStudioVersion = 10.0.40219.1
Project("{FAE04EC0-301F-11D3-BF4B-00C04F79EFBC}") = "ClothForHands", "ClothForHands.csproj", "{A6040D4C-16FC-4B72-A3E4-CDE413D52D45}"
EndProject
Project("{FAE04EC0-301F-11D3-BF4B-00C04F79EFBC}") = "MyLib", "..\MyLib\MyLib.csproj", "{4F745ED7-BDDA-4BAB-8A78-182CA1B66A1A}"
EndProject
Global
	GlobalSection(SolutionConfigurationPlatforms) = preSolution
		Debug|Any CPU = Debug|Any CPU
		Release|Any CPU = Release|Any CPU
	EndGlobalSection
	GlobalSection(ProjectConfigurationPlatforms) = postSolution
		{A6040D4C-16FC-4B72-A3E4-CDE413D52D45}.Debug|Any CPU.ActiveCfg = Debug|Any CPU
		{A6040D4C-16FC-4B72-A3E4-CDE413D52D45}.Debug|Any CPU.Build.0 = Debug|Any CPU
		{A6040D4C-16FC-4B72-A3E4-CDE413D52D45}.Release|Any CPU.ActiveCfg = Release|Any CPU
		{A6040D4C-16FC-4B72-A3E4-CDE413D52D45}.Release|Any CPU.Build.0 = Release|Any CPU
		{4F745ED7-BDDA-4BAB-8A78-182CA1B66A1A}.Debug|Any CPU.ActiveCfg = Debug|Any CPU
		{4F745ED7-BDDA-4BAB-8A78-182CA1B66A1A}.Debug|Any CPU.Build.0 = Debug|Any CPU
		{4F745ED7-BDDA-4BAB-8A78-182CA1B66A1A}.Release|Any CPU.ActiveCfg = Release|Any CPU
		{4F745ED7-BDDA-4BAB-8A78-182CA1B66A1A}.Release|Any CPU.Build.0 = Release|Any CPU
	EndGlobalSection
	GlobalSection(SolutionProperties) = preSolution
		HideSolutionNode = FALSE
	EndGlobalSection
	GlobalSection(ExtensibilityGlobals) = postSolution
		SolutionGuid = {92064E59-6998-4A21-8022-9F8299CD2D7A}
	EndGlobalSection
EndGlobal
